
Microsoft Visual Studio Solution File, Format Version 12.00
# Visual Studio Version 17
VisualStudioVersion = 17.2.32526.322
MinimumVisualStudioVersion = 10.0.40219.1
Project("{FAE04EC0-301F-11D3-BF4B-00C04F79EFBC}") = "15puzzle", "15puzzle\15puzzle.csproj", "{51518319-D69A-4F59-A5B2-9C41BB0FBE00}"
EndProject
Global
	GlobalSection(SolutionConfigurationPlatforms) = preSolution
		Debug|Any CPU = Debug|Any CPU
		Release|Any CPU = Release|Any CPU
	EndGlobalSection
	GlobalSection(ProjectConfigurationPlatforms) = postSolution
		{51518319-D69A-4F59-A5B2-9C41BB0FBE00}.Debug|Any CPU.ActiveCfg = Debug|Any CPU
		{51518319-D69A-4F59-A5B2-9C41BB0FBE00}.Debug|Any CPU.Build.0 = Debug|Any CPU
		{51518319-D69A-4F59-A5B2-9C41BB0FBE00}.Release|Any CPU.ActiveCfg = Release|Any CPU
		{51518319-D69A-4F59-A5B2-9C41BB0FBE00}.Release|Any CPU.Build.0 = Release|Any CPU
	EndGlobalSection
	GlobalSection(SolutionProperties) = preSolution
		HideSolutionNode = FALSE
	EndGlobalSection
	GlobalSection(ExtensibilityGlobals) = postSolution
		SolutionGuid = {6D43E926-6C32-451D-A0FD-4DD999C61370}
	EndGlobalSection
EndGlobal
